
Microsoft Visual Studio Solution File, Format Version 12.00
# Visual Studio Version 17
VisualStudioVersion = 17.10.34916.146
MinimumVisualStudioVersion = 10.0.40219.1
Project("{9A19103F-16F7-4668-BE54-9A1E7A4F7556}") = "Resume.API.Tests.Integration", "Resume.API.Tests.Integration\Resume.API.Tests.Integration.csproj", "{AF159925-68D1-42AA-9566-76E7C2BA6BE3}"
EndProject
Project("{9A19103F-16F7-4668-BE54-9A1E7A4F7556}") = "Resume.API", "API\Resume.API.csproj", "{D2881B2E-4639-43C6-964F-38B5FF7AC1DF}"
EndProject
Global
	GlobalSection(SolutionConfigurationPlatforms) = preSolution
		Debug|Any CPU = Debug|Any CPU
		Release|Any CPU = Release|Any CPU
	EndGlobalSection
	GlobalSection(ProjectConfigurationPlatforms) = postSolution
		{AF159925-68D1-42AA-9566-76E7C2BA6BE3}.Debug|Any CPU.ActiveCfg = Debug|Any CPU
		{AF159925-68D1-42AA-9566-76E7C2BA6BE3}.Debug|Any CPU.Build.0 = Debug|Any CPU
		{AF159925-68D1-42AA-9566-76E7C2BA6BE3}.Release|Any CPU.ActiveCfg = Release|Any CPU
		{AF159925-68D1-42AA-9566-76E7C2BA6BE3}.Release|Any CPU.Build.0 = Release|Any CPU
		{D2881B2E-4639-43C6-964F-38B5FF7AC1DF}.Debug|Any CPU.ActiveCfg = Debug|Any CPU
		{D2881B2E-4639-43C6-964F-38B5FF7AC1DF}.Debug|Any CPU.Build.0 = Debug|Any CPU
		{D2881B2E-4639-43C6-964F-38B5FF7AC1DF}.Release|Any CPU.ActiveCfg = Release|Any CPU
		{D2881B2E-4639-43C6-964F-38B5FF7AC1DF}.Release|Any CPU.Build.0 = Release|Any CPU
	EndGlobalSection
	GlobalSection(SolutionProperties) = preSolution
		HideSolutionNode = FALSE
	EndGlobalSection
	GlobalSection(ExtensibilityGlobals) = postSolution
		SolutionGuid = {4159F69E-D1FB-4DE0-84BA-63329F3F41C8}
	EndGlobalSection
EndGlobal
