
Microsoft Visual Studio Solution File, Format Version 12.00
# Visual Studio Version 17
VisualStudioVersion = 17.10.34916.146
MinimumVisualStudioVersion = 10.0.40219.1
Project("{FAE04EC0-301F-11D3-BF4B-00C04F79EFBC}") = "Resume.API", "Resume.API\Resume.API.csproj", "{66E04339-571D-4FF8-9751-5913EEEB002F}"
EndProject
Global
	GlobalSection(SolutionConfigurationPlatforms) = preSolution
		Debug|Any CPU = Debug|Any CPU
		Release|Any CPU = Release|Any CPU
	EndGlobalSection
	GlobalSection(ProjectConfigurationPlatforms) = postSolution
		{66E04339-571D-4FF8-9751-5913EEEB002F}.Debug|Any CPU.ActiveCfg = Debug|Any CPU
		{66E04339-571D-4FF8-9751-5913EEEB002F}.Debug|Any CPU.Build.0 = Debug|Any CPU
		{66E04339-571D-4FF8-9751-5913EEEB002F}.Release|Any CPU.ActiveCfg = Release|Any CPU
		{66E04339-571D-4FF8-9751-5913EEEB002F}.Release|Any CPU.Build.0 = Release|Any CPU
	EndGlobalSection
	GlobalSection(SolutionProperties) = preSolution
		HideSolutionNode = FALSE
	EndGlobalSection
	GlobalSection(ExtensibilityGlobals) = postSolution
		SolutionGuid = {4159F69E-D1FB-4DE0-84BA-63329F3F41C8}
	EndGlobalSection
EndGlobal
